
Microsoft Visual Studio Solution File, Format Version 12.00
# Visual Studio Version 17
VisualStudioVersion = 17.13.35931.197 d17.13
MinimumVisualStudioVersion = 10.0.40219.1
Project("{FAE04EC0-301F-11D3-BF4B-00C04F79EFBC}") = "ConcecionarioCoches", "ConcecionarioCoches.csproj", "{36954852-8743-4AE7-8760-592B4272D0E6}"
EndProject
Project("{FAE04EC0-301F-11D3-BF4B-00C04F79EFBC}") = "CocecionariosCoches", "..\CocecionariosCoches\CocecionariosCoches.csproj", "{BDC2B46D-AC0B-455B-BDD2-A6928B92064F}"
EndProject
Global
	GlobalSection(SolutionConfigurationPlatforms) = preSolution
		Debug|Any CPU = Debug|Any CPU
		Release|Any CPU = Release|Any CPU
	EndGlobalSection
	GlobalSection(ProjectConfigurationPlatforms) = postSolution
		{36954852-8743-4AE7-8760-592B4272D0E6}.Debug|Any CPU.ActiveCfg = Debug|Any CPU
		{36954852-8743-4AE7-8760-592B4272D0E6}.Debug|Any CPU.Build.0 = Debug|Any CPU
		{36954852-8743-4AE7-8760-592B4272D0E6}.Release|Any CPU.ActiveCfg = Release|Any CPU
		{36954852-8743-4AE7-8760-592B4272D0E6}.Release|Any CPU.Build.0 = Release|Any CPU
		{BDC2B46D-AC0B-455B-BDD2-A6928B92064F}.Debug|Any CPU.ActiveCfg = Debug|Any CPU
		{BDC2B46D-AC0B-455B-BDD2-A6928B92064F}.Debug|Any CPU.Build.0 = Debug|Any CPU
		{BDC2B46D-AC0B-455B-BDD2-A6928B92064F}.Release|Any CPU.ActiveCfg = Release|Any CPU
		{BDC2B46D-AC0B-455B-BDD2-A6928B92064F}.Release|Any CPU.Build.0 = Release|Any CPU
	EndGlobalSection
	GlobalSection(SolutionProperties) = preSolution
		HideSolutionNode = FALSE
	EndGlobalSection
	GlobalSection(ExtensibilityGlobals) = postSolution
		SolutionGuid = {78FC63BE-52E0-46EA-B878-1176B838D13B}
	EndGlobalSection
EndGlobal
